
Microsoft Visual Studio Solution File, Format Version 12.00
# Visual Studio 15
Project("{FAE04EC0-301F-11D3-BF4B-00C04F79EFBC}") = "Assembly-CSharp", "Assembly-CSharp.csproj", "{16DBC218-F08E-B9BC-997B-0CBD54109985}"
EndProject
Project("{FAE04EC0-301F-11D3-BF4B-00C04F79EFBC}") = "PhotonUnityNetworking.Demos", "PhotonUnityNetworking.Demos.csproj", "{62331CDA-5EB6-DA37-A5E8-4F7D0FABFD59}"
EndProject
Project("{FAE04EC0-301F-11D3-BF4B-00C04F79EFBC}") = "PhotonUnityNetworking.Utilities", "PhotonUnityNetworking.Utilities.csproj", "{F519B473-F8B3-B25E-1D7A-8A2EB63A68D7}"
EndProject
Project("{FAE04EC0-301F-11D3-BF4B-00C04F79EFBC}") = "PhotonVoice.API", "PhotonVoice.API.csproj", "{CA280B4B-905B-3D87-6399-2615A060964F}"
EndProject
Project("{FAE04EC0-301F-11D3-BF4B-00C04F79EFBC}") = "PhotonChat", "PhotonChat.csproj", "{0B12EA77-9295-A602-6F27-63B244F5170B}"
EndProject
Project("{FAE04EC0-301F-11D3-BF4B-00C04F79EFBC}") = "PhotonUnityNetworking", "PhotonUnityNetworking.csproj", "{960CB2DF-3EB1-EA85-AA46-E9E2BFFED03C}"
EndProject
Project("{FAE04EC0-301F-11D3-BF4B-00C04F79EFBC}") = "PhotonRealtime", "PhotonRealtime.csproj", "{C1202F24-A83E-6697-6DBC-36EF3FCF9B6F}"
EndProject
Project("{FAE04EC0-301F-11D3-BF4B-00C04F79EFBC}") = "PhotonVoice", "PhotonVoice.csproj", "{7B4EA22D-1223-334D-C75F-9BB4C97A6017}"
EndProject
Project("{FAE04EC0-301F-11D3-BF4B-00C04F79EFBC}") = "PhotonVoice.PUN", "PhotonVoice.PUN.csproj", "{9E24AA21-005B-08AB-90E8-39CCD9331533}"
EndProject
Project("{FAE04EC0-301F-11D3-BF4B-00C04F79EFBC}") = "Assembly-CSharp-Editor", "Assembly-CSharp-Editor.csproj", "{355700EE-0A9B-5B9B-E34B-BB726AEC7C64}"
EndProject
Project("{FAE04EC0-301F-11D3-BF4B-00C04F79EFBC}") = "PhotonVoice.Editor", "PhotonVoice.Editor.csproj", "{CA7160CD-026D-8939-5AC4-C2A6BE7766D7}"
EndProject
Project("{FAE04EC0-301F-11D3-BF4B-00C04F79EFBC}") = "PhotonUnityNetworking.Editor", "PhotonUnityNetworking.Editor.csproj", "{C96031CD-C74D-E5B4-7657-D7CB6B87F4D9}"
EndProject
Project("{FAE04EC0-301F-11D3-BF4B-00C04F79EFBC}") = "PhotonVoice.Utilities.Editor", "PhotonVoice.Utilities.Editor.csproj", "{8A87E505-832B-FBD8-FC11-4750EDBB4B9A}"
EndProject
Project("{FAE04EC0-301F-11D3-BF4B-00C04F79EFBC}") = "PunDemos.DemoHubEditor", "PunDemos.DemoHubEditor.csproj", "{2B72BD96-DFB5-1F42-F855-F431B83EFD80}"
EndProject
Project("{FAE04EC0-301F-11D3-BF4B-00C04F79EFBC}") = "PhotonUnityNetworking.Utilities.PhotonPlayer.Editor", "PhotonUnityNetworking.Utilities.PhotonPlayer.Editor.csproj", "{5E0B2525-473E-173A-9C0F-EFCE52470A9A}"
EndProject
Project("{FAE04EC0-301F-11D3-BF4B-00C04F79EFBC}") = "PhotonUnityNetworking.Utilities.Culling.Editor", "PhotonUnityNetworking.Utilities.Culling.Editor.csproj", "{A8EBAC2D-ACE4-72E9-9C4D-FC5254BFC2D1}"
EndProject
Project("{FAE04EC0-301F-11D3-BF4B-00C04F79EFBC}") = "PunDemos.DemoSlotcarEditor", "PunDemos.DemoSlotcarEditor.csproj", "{F4758FE2-94E2-C2CC-71CB-CFF8CC2A38EB}"
EndProject
Project("{FAE04EC0-301F-11D3-BF4B-00C04F79EFBC}") = "PhotonVoice.PUN.Editor", "PhotonVoice.PUN.Editor.csproj", "{3C6F76CD-D0DF-E814-A4A5-46EA77D2BADB}"
EndProject
Global
	GlobalSection(SolutionConfigurationPlatforms) = preSolution
		Debug|Any CPU = Debug|Any CPU
		Release|Any CPU = Release|Any CPU
	EndGlobalSection
	GlobalSection(ProjectConfigurationPlatforms) = postSolution
		{16DBC218-F08E-B9BC-997B-0CBD54109985}.Debug|Any CPU.ActiveCfg = Debug|Any CPU
		{16DBC218-F08E-B9BC-997B-0CBD54109985}.Debug|Any CPU.Build.0 = Debug|Any CPU
		{16DBC218-F08E-B9BC-997B-0CBD54109985}.Release|Any CPU.ActiveCfg = Release|Any CPU
		{16DBC218-F08E-B9BC-997B-0CBD54109985}.Release|Any CPU.Build.0 = Release|Any CPU
		{62331CDA-5EB6-DA37-A5E8-4F7D0FABFD59}.Debug|Any CPU.ActiveCfg = Debug|Any CPU
		{62331CDA-5EB6-DA37-A5E8-4F7D0FABFD59}.Debug|Any CPU.Build.0 = Debug|Any CPU
		{62331CDA-5EB6-DA37-A5E8-4F7D0FABFD59}.Release|Any CPU.ActiveCfg = Release|Any CPU
		{62331CDA-5EB6-DA37-A5E8-4F7D0FABFD59}.Release|Any CPU.Build.0 = Release|Any CPU
		{F519B473-F8B3-B25E-1D7A-8A2EB63A68D7}.Debug|Any CPU.ActiveCfg = Debug|Any CPU
		{F519B473-F8B3-B25E-1D7A-8A2EB63A68D7}.Debug|Any CPU.Build.0 = Debug|Any CPU
		{F519B473-F8B3-B25E-1D7A-8A2EB63A68D7}.Release|Any CPU.ActiveCfg = Release|Any CPU
		{F519B473-F8B3-B25E-1D7A-8A2EB63A68D7}.Release|Any CPU.Build.0 = Release|Any CPU
		{CA280B4B-905B-3D87-6399-2615A060964F}.Debug|Any CPU.ActiveCfg = Debug|Any CPU
		{CA280B4B-905B-3D87-6399-2615A060964F}.Debug|Any CPU.Build.0 = Debug|Any CPU
		{CA280B4B-905B-3D87-6399-2615A060964F}.Release|Any CPU.ActiveCfg = Release|Any CPU
		{CA280B4B-905B-3D87-6399-2615A060964F}.Release|Any CPU.Build.0 = Release|Any CPU
		{0B12EA77-9295-A602-6F27-63B244F5170B}.Debug|Any CPU.ActiveCfg = Debug|Any CPU
		{0B12EA77-9295-A602-6F27-63B244F5170B}.Debug|Any CPU.Build.0 = Debug|Any CPU
		{0B12EA77-9295-A602-6F27-63B244F5170B}.Release|Any CPU.ActiveCfg = Release|Any CPU
		{0B12EA77-9295-A602-6F27-63B244F5170B}.Release|Any CPU.Build.0 = Release|Any CPU
		{960CB2DF-3EB1-EA85-AA46-E9E2BFFED03C}.Debug|Any CPU.ActiveCfg = Debug|Any CPU
		{960CB2DF-3EB1-EA85-AA46-E9E2BFFED03C}.Debug|Any CPU.Build.0 = Debug|Any CPU
		{960CB2DF-3EB1-EA85-AA46-E9E2BFFED03C}.Release|Any CPU.ActiveCfg = Release|Any CPU
		{960CB2DF-3EB1-EA85-AA46-E9E2BFFED03C}.Release|Any CPU.Build.0 = Release|Any CPU
		{C1202F24-A83E-6697-6DBC-36EF3FCF9B6F}.Debug|Any CPU.ActiveCfg = Debug|Any CPU
		{C1202F24-A83E-6697-6DBC-36EF3FCF9B6F}.Debug|Any CPU.Build.0 = Debug|Any CPU
		{C1202F24-A83E-6697-6DBC-36EF3FCF9B6F}.Release|Any CPU.ActiveCfg = Release|Any CPU
		{C1202F24-A83E-6697-6DBC-36EF3FCF9B6F}.Release|Any CPU.Build.0 = Release|Any CPU
		{7B4EA22D-1223-334D-C75F-9BB4C97A6017}.Debug|Any CPU.ActiveCfg = Debug|Any CPU
		{7B4EA22D-1223-334D-C75F-9BB4C97A6017}.Debug|Any CPU.Build.0 = Debug|Any CPU
		{7B4EA22D-1223-334D-C75F-9BB4C97A6017}.Release|Any CPU.ActiveCfg = Release|Any CPU
		{7B4EA22D-1223-334D-C75F-9BB4C97A6017}.Release|Any CPU.Build.0 = Release|Any CPU
		{9E24AA21-005B-08AB-90E8-39CCD9331533}.Debug|Any CPU.ActiveCfg = Debug|Any CPU
		{9E24AA21-005B-08AB-90E8-39CCD9331533}.Debug|Any CPU.Build.0 = Debug|Any CPU
		{9E24AA21-005B-08AB-90E8-39CCD9331533}.Release|Any CPU.ActiveCfg = Release|Any CPU
		{9E24AA21-005B-08AB-90E8-39CCD9331533}.Release|Any CPU.Build.0 = Release|Any CPU
		{355700EE-0A9B-5B9B-E34B-BB726AEC7C64}.Debug|Any CPU.ActiveCfg = Debug|Any CPU
		{355700EE-0A9B-5B9B-E34B-BB726AEC7C64}.Debug|Any CPU.Build.0 = Debug|Any CPU
		{355700EE-0A9B-5B9B-E34B-BB726AEC7C64}.Release|Any CPU.ActiveCfg = Release|Any CPU
		{355700EE-0A9B-5B9B-E34B-BB726AEC7C64}.Release|Any CPU.Build.0 = Release|Any CPU
		{CA7160CD-026D-8939-5AC4-C2A6BE7766D7}.Debug|Any CPU.ActiveCfg = Debug|Any CPU
		{CA7160CD-026D-8939-5AC4-C2A6BE7766D7}.Debug|Any CPU.Build.0 = Debug|Any CPU
		{CA7160CD-026D-8939-5AC4-C2A6BE7766D7}.Release|Any CPU.ActiveCfg = Release|Any CPU
		{CA7160CD-026D-8939-5AC4-C2A6BE7766D7}.Release|Any CPU.Build.0 = Release|Any CPU
		{C96031CD-C74D-E5B4-7657-D7CB6B87F4D9}.Debug|Any CPU.ActiveCfg = Debug|Any CPU
		{C96031CD-C74D-E5B4-7657-D7CB6B87F4D9}.Debug|Any CPU.Build.0 = Debug|Any CPU
		{C96031CD-C74D-E5B4-7657-D7CB6B87F4D9}.Release|Any CPU.ActiveCfg = Release|Any CPU
		{C96031CD-C74D-E5B4-7657-D7CB6B87F4D9}.Release|Any CPU.Build.0 = Release|Any CPU
		{8A87E505-832B-FBD8-FC11-4750EDBB4B9A}.Debug|Any CPU.ActiveCfg = Debug|Any CPU
		{8A87E505-832B-FBD8-FC11-4750EDBB4B9A}.Debug|Any CPU.Build.0 = Debug|Any CPU
		{8A87E505-832B-FBD8-FC11-4750EDBB4B9A}.Release|Any CPU.ActiveCfg = Release|Any CPU
		{8A87E505-832B-FBD8-FC11-4750EDBB4B9A}.Release|Any CPU.Build.0 = Release|Any CPU
		{2B72BD96-DFB5-1F42-F855-F431B83EFD80}.Debug|Any CPU.ActiveCfg = Debug|Any CPU
		{2B72BD96-DFB5-1F42-F855-F431B83EFD80}.Debug|Any CPU.Build.0 = Debug|Any CPU
		{2B72BD96-DFB5-1F42-F855-F431B83EFD80}.Release|Any CPU.ActiveCfg = Release|Any CPU
		{2B72BD96-DFB5-1F42-F855-F431B83EFD80}.Release|Any CPU.Build.0 = Release|Any CPU
		{5E0B2525-473E-173A-9C0F-EFCE52470A9A}.Debug|Any CPU.ActiveCfg = Debug|Any CPU
		{5E0B2525-473E-173A-9C0F-EFCE52470A9A}.Debug|Any CPU.Build.0 = Debug|Any CPU
		{5E0B2525-473E-173A-9C0F-EFCE52470A9A}.Release|Any CPU.ActiveCfg = Release|Any CPU
		{5E0B2525-473E-173A-9C0F-EFCE52470A9A}.Release|Any CPU.Build.0 = Release|Any CPU
		{A8EBAC2D-ACE4-72E9-9C4D-FC5254BFC2D1}.Debug|Any CPU.ActiveCfg = Debug|Any CPU
		{A8EBAC2D-ACE4-72E9-9C4D-FC5254BFC2D1}.Debug|Any CPU.Build.0 = Debug|Any CPU
		{A8EBAC2D-ACE4-72E9-9C4D-FC5254BFC2D1}.Release|Any CPU.ActiveCfg = Release|Any CPU
		{A8EBAC2D-ACE4-72E9-9C4D-FC5254BFC2D1}.Release|Any CPU.Build.0 = Release|Any CPU
		{F4758FE2-94E2-C2CC-71CB-CFF8CC2A38EB}.Debug|Any CPU.ActiveCfg = Debug|Any CPU
		{F4758FE2-94E2-C2CC-71CB-CFF8CC2A38EB}.Debug|Any CPU.Build.0 = Debug|Any CPU
		{F4758FE2-94E2-C2CC-71CB-CFF8CC2A38EB}.Release|Any CPU.ActiveCfg = Release|Any CPU
		{F4758FE2-94E2-C2CC-71CB-CFF8CC2A38EB}.Release|Any CPU.Build.0 = Release|Any CPU
		{3C6F76CD-D0DF-E814-A4A5-46EA77D2BADB}.Debug|Any CPU.ActiveCfg = Debug|Any CPU
		{3C6F76CD-D0DF-E814-A4A5-46EA77D2BADB}.Debug|Any CPU.Build.0 = Debug|Any CPU
		{3C6F76CD-D0DF-E814-A4A5-46EA77D2BADB}.Release|Any CPU.ActiveCfg = Release|Any CPU
		{3C6F76CD-D0DF-E814-A4A5-46EA77D2BADB}.Release|Any CPU.Build.0 = Release|Any CPU
	EndGlobalSection
	GlobalSection(SolutionProperties) = preSolution
		HideSolutionNode = FALSE
	EndGlobalSection
EndGlobal
